
Microsoft Visual Studio Solution File, Format Version 12.00
# Visual Studio Version 17
VisualStudioVersion = 17.11.35222.181
MinimumVisualStudioVersion = 10.0.40219.1
Project("{FAE04EC0-301F-11D3-BF4B-00C04F79EFBC}") = "StreamReader", "StreamReader\StreamReader.csproj", "{2178F2EF-E428-44C8-A96A-2BF6DECA4012}"
EndProject
Global
	GlobalSection(SolutionConfigurationPlatforms) = preSolution
		Debug|Any CPU = Debug|Any CPU
		Release|Any CPU = Release|Any CPU
	EndGlobalSection
	GlobalSection(ProjectConfigurationPlatforms) = postSolution
		{2178F2EF-E428-44C8-A96A-2BF6DECA4012}.Debug|Any CPU.ActiveCfg = Debug|Any CPU
		{2178F2EF-E428-44C8-A96A-2BF6DECA4012}.Debug|Any CPU.Build.0 = Debug|Any CPU
		{2178F2EF-E428-44C8-A96A-2BF6DECA4012}.Release|Any CPU.ActiveCfg = Release|Any CPU
		{2178F2EF-E428-44C8-A96A-2BF6DECA4012}.Release|Any CPU.Build.0 = Release|Any CPU
	EndGlobalSection
	GlobalSection(SolutionProperties) = preSolution
		HideSolutionNode = FALSE
	EndGlobalSection
	GlobalSection(ExtensibilityGlobals) = postSolution
		SolutionGuid = {5CA784C8-D1CA-476C-9BA6-65A11BB259DD}
	EndGlobalSection
EndGlobal
