
Microsoft Visual Studio Solution File, Format Version 12.00
# Visual Studio Version 17
VisualStudioVersion = 17.11.35222.181
MinimumVisualStudioVersion = 10.0.40219.1
Project("{FAE04EC0-301F-11D3-BF4B-00C04F79EFBC}") = "ExMetodosAbstratos", "ExMetodosAbstratos\ExMetodosAbstratos.csproj", "{2C57B8B1-691A-41E0-986F-2891C5A3DEE9}"
EndProject
Global
	GlobalSection(SolutionConfigurationPlatforms) = preSolution
		Debug|Any CPU = Debug|Any CPU
		Release|Any CPU = Release|Any CPU
	EndGlobalSection
	GlobalSection(ProjectConfigurationPlatforms) = postSolution
		{2C57B8B1-691A-41E0-986F-2891C5A3DEE9}.Debug|Any CPU.ActiveCfg = Debug|Any CPU
		{2C57B8B1-691A-41E0-986F-2891C5A3DEE9}.Debug|Any CPU.Build.0 = Debug|Any CPU
		{2C57B8B1-691A-41E0-986F-2891C5A3DEE9}.Release|Any CPU.ActiveCfg = Release|Any CPU
		{2C57B8B1-691A-41E0-986F-2891C5A3DEE9}.Release|Any CPU.Build.0 = Release|Any CPU
	EndGlobalSection
	GlobalSection(SolutionProperties) = preSolution
		HideSolutionNode = FALSE
	EndGlobalSection
	GlobalSection(ExtensibilityGlobals) = postSolution
		SolutionGuid = {E643F3C3-2EBF-4159-AE12-3E93C50C4EC3}
	EndGlobalSection
EndGlobal
