
Microsoft Visual Studio Solution File, Format Version 12.00
# Visual Studio Version 17
VisualStudioVersion = 17.11.35222.181
MinimumVisualStudioVersion = 10.0.40219.1
Project("{FAE04EC0-301F-11D3-BF4B-00C04F79EFBC}") = "ExHerança", "ExHerança\ExHerança.csproj", "{7444F920-AFF0-4BF2-84A3-F0F2D6AE52C2}"
EndProject
Global
	GlobalSection(SolutionConfigurationPlatforms) = preSolution
		Debug|Any CPU = Debug|Any CPU
		Release|Any CPU = Release|Any CPU
	EndGlobalSection
	GlobalSection(ProjectConfigurationPlatforms) = postSolution
		{7444F920-AFF0-4BF2-84A3-F0F2D6AE52C2}.Debug|Any CPU.ActiveCfg = Debug|Any CPU
		{7444F920-AFF0-4BF2-84A3-F0F2D6AE52C2}.Debug|Any CPU.Build.0 = Debug|Any CPU
		{7444F920-AFF0-4BF2-84A3-F0F2D6AE52C2}.Release|Any CPU.ActiveCfg = Release|Any CPU
		{7444F920-AFF0-4BF2-84A3-F0F2D6AE52C2}.Release|Any CPU.Build.0 = Release|Any CPU
	EndGlobalSection
	GlobalSection(SolutionProperties) = preSolution
		HideSolutionNode = FALSE
	EndGlobalSection
	GlobalSection(ExtensibilityGlobals) = postSolution
		SolutionGuid = {A0EB3318-BE97-49DA-8B1A-373D192ED427}
	EndGlobalSection
EndGlobal
