
Microsoft Visual Studio Solution File, Format Version 12.00
# Visual Studio Version 17
VisualStudioVersion = 17.11.35222.181
MinimumVisualStudioVersion = 10.0.40219.1
Project("{FAE04EC0-301F-11D3-BF4B-00C04F79EFBC}") = "Exerc_Lambda", "Exerc_Lambda\Exerc_Lambda.csproj", "{4566D809-5B39-4981-BC80-64DCE849C2A4}"
EndProject
Global
	GlobalSection(SolutionConfigurationPlatforms) = preSolution
		Debug|Any CPU = Debug|Any CPU
		Release|Any CPU = Release|Any CPU
	EndGlobalSection
	GlobalSection(ProjectConfigurationPlatforms) = postSolution
		{4566D809-5B39-4981-BC80-64DCE849C2A4}.Debug|Any CPU.ActiveCfg = Debug|Any CPU
		{4566D809-5B39-4981-BC80-64DCE849C2A4}.Debug|Any CPU.Build.0 = Debug|Any CPU
		{4566D809-5B39-4981-BC80-64DCE849C2A4}.Release|Any CPU.ActiveCfg = Release|Any CPU
		{4566D809-5B39-4981-BC80-64DCE849C2A4}.Release|Any CPU.Build.0 = Release|Any CPU
	EndGlobalSection
	GlobalSection(SolutionProperties) = preSolution
		HideSolutionNode = FALSE
	EndGlobalSection
	GlobalSection(ExtensibilityGlobals) = postSolution
		SolutionGuid = {64B08BE9-ACC6-40CD-A6E9-827E09810CB7}
	EndGlobalSection
EndGlobal
