
Microsoft Visual Studio Solution File, Format Version 12.00
# Visual Studio Version 17
VisualStudioVersion = 17.10.35122.118
MinimumVisualStudioVersion = 10.0.40219.1
Project("{FAE04EC0-301F-11D3-BF4B-00C04F79EFBC}") = "MembrosEstaticos", "MembrosEstaticos\MembrosEstaticos.csproj", "{8FA71F3D-011D-41FF-BDF9-F8915208981C}"
EndProject
Global
	GlobalSection(SolutionConfigurationPlatforms) = preSolution
		Debug|Any CPU = Debug|Any CPU
		Release|Any CPU = Release|Any CPU
	EndGlobalSection
	GlobalSection(ProjectConfigurationPlatforms) = postSolution
		{8FA71F3D-011D-41FF-BDF9-F8915208981C}.Debug|Any CPU.ActiveCfg = Debug|Any CPU
		{8FA71F3D-011D-41FF-BDF9-F8915208981C}.Debug|Any CPU.Build.0 = Debug|Any CPU
		{8FA71F3D-011D-41FF-BDF9-F8915208981C}.Release|Any CPU.ActiveCfg = Release|Any CPU
		{8FA71F3D-011D-41FF-BDF9-F8915208981C}.Release|Any CPU.Build.0 = Release|Any CPU
	EndGlobalSection
	GlobalSection(SolutionProperties) = preSolution
		HideSolutionNode = FALSE
	EndGlobalSection
	GlobalSection(ExtensibilityGlobals) = postSolution
		SolutionGuid = {FBEF1457-1452-4241-9DF4-132B0F0855CB}
	EndGlobalSection
EndGlobal
