
Microsoft Visual Studio Solution File, Format Version 12.00
# Visual Studio Version 17
VisualStudioVersion = 17.10.35122.118
MinimumVisualStudioVersion = 10.0.40219.1
Project("{FAE04EC0-301F-11D3-BF4B-00C04F79EFBC}") = "Vetores", "Vetores\Vetores.csproj", "{21ECFE0E-5B9F-4C7F-8F5F-43E422C8C213}"
EndProject
Global
	GlobalSection(SolutionConfigurationPlatforms) = preSolution
		Debug|Any CPU = Debug|Any CPU
		Release|Any CPU = Release|Any CPU
	EndGlobalSection
	GlobalSection(ProjectConfigurationPlatforms) = postSolution
		{21ECFE0E-5B9F-4C7F-8F5F-43E422C8C213}.Debug|Any CPU.ActiveCfg = Debug|Any CPU
		{21ECFE0E-5B9F-4C7F-8F5F-43E422C8C213}.Debug|Any CPU.Build.0 = Debug|Any CPU
		{21ECFE0E-5B9F-4C7F-8F5F-43E422C8C213}.Release|Any CPU.ActiveCfg = Release|Any CPU
		{21ECFE0E-5B9F-4C7F-8F5F-43E422C8C213}.Release|Any CPU.Build.0 = Release|Any CPU
	EndGlobalSection
	GlobalSection(SolutionProperties) = preSolution
		HideSolutionNode = FALSE
	EndGlobalSection
	GlobalSection(ExtensibilityGlobals) = postSolution
		SolutionGuid = {A87DA5F1-AFF3-4684-A986-3BDBBF141BB9}
	EndGlobalSection
EndGlobal
